
Microsoft Visual Studio Solution File, Format Version 12.00
# Visual Studio Version 17
VisualStudioVersion = 17.1.32421.90
MinimumVisualStudioVersion = 10.0.40219.1
Project("{9A19103F-16F7-4668-BE54-9A1E7A4F7556}") = "Domain", "service\src\Domain\Domain.csproj", "{3E7CFB4D-0DCD-48B3-844B-179842446822}"
EndProject
Project("{9A19103F-16F7-4668-BE54-9A1E7A4F7556}") = "UI", "client\src\UI.csproj", "{6C8C5534-7AA2-40FE-9726-AABEF4E8D5B2}"
EndProject
Global
	GlobalSection(SolutionConfigurationPlatforms) = preSolution
		Debug|Any CPU = Debug|Any CPU
		Release|Any CPU = Release|Any CPU
	EndGlobalSection
	GlobalSection(ProjectConfigurationPlatforms) = postSolution
		{3E7CFB4D-0DCD-48B3-844B-179842446822}.Debug|Any CPU.ActiveCfg = Debug|Any CPU
		{3E7CFB4D-0DCD-48B3-844B-179842446822}.Debug|Any CPU.Build.0 = Debug|Any CPU
		{3E7CFB4D-0DCD-48B3-844B-179842446822}.Release|Any CPU.ActiveCfg = Release|Any CPU
		{3E7CFB4D-0DCD-48B3-844B-179842446822}.Release|Any CPU.Build.0 = Release|Any CPU
		{6C8C5534-7AA2-40FE-9726-AABEF4E8D5B2}.Debug|Any CPU.ActiveCfg = Debug|Any CPU
		{6C8C5534-7AA2-40FE-9726-AABEF4E8D5B2}.Debug|Any CPU.Build.0 = Debug|Any CPU
		{6C8C5534-7AA2-40FE-9726-AABEF4E8D5B2}.Release|Any CPU.ActiveCfg = Release|Any CPU
		{6C8C5534-7AA2-40FE-9726-AABEF4E8D5B2}.Release|Any CPU.Build.0 = Release|Any CPU
	EndGlobalSection
	GlobalSection(SolutionProperties) = preSolution
		HideSolutionNode = FALSE
	EndGlobalSection
	GlobalSection(ExtensibilityGlobals) = postSolution
		SolutionGuid = {810F9461-D8D0-49F0-9916-E9A29C10DC7F}
	EndGlobalSection
EndGlobal
